
Microsoft Visual Studio Solution File, Format Version 12.00
# Visual Studio Version 17
VisualStudioVersion = 17.10.34928.147
MinimumVisualStudioVersion = 10.0.40219.1
Project("{9A19103F-16F7-4668-BE54-9A1E7A4F7556}") = "RealtimeSurface3D", "RealtimeSurface3D.csproj", "{C1D2E3F4-A5B6-7890-CDEF-123456789ABC}"
EndProject
Global
	GlobalSection(SolutionConfigurationPlatforms) = preSolution
		Debug|x64 = Debug|x64
		Release|x64 = Release|x64
	EndGlobalSection
	GlobalSection(ProjectConfigurationPlatforms) = postSolution
		{C1D2E3F4-A5B6-7890-CDEF-123456789ABC}.Debug|x64.ActiveCfg = Debug|x64
		{C1D2E3F4-A5B6-7890-CDEF-123456789ABC}.Debug|x64.Build.0 = Debug|x64
		{C1D2E3F4-A5B6-7890-CDEF-123456789ABC}.Release|x64.ActiveCfg = Release|x64
		{C1D2E3F4-A5B6-7890-CDEF-123456789ABC}.Release|x64.Build.0 = Release|x64
	EndGlobalSection
	GlobalSection(SolutionProperties) = preSolution
		HideSolutionNode = FALSE
	EndGlobalSection
	GlobalSection(ExtensibilityGlobals) = postSolution
		SolutionGuid = {D2E3F4A5-B6C7-8901-DEFA-23456789ABCD}
	EndGlobalSection
EndGlobal
